// !$*UTF8*$!
{
	archiveVersion = 1;
	classes = {
	};
	objectVersion = 46;
	objects = {

/* Begin PBXBuildFile section */
		1582FD6F1C2498C400527412 /* PageUpdateNumber.swift in Sources */ = {isa = PBXBuildFile; fileRef = 1582FD6E1C2498C400527412 /* PageUpdateNumber.swift */; };
		1582FD731C24AB6500527412 /* bootstrap.min.css in Resources */ = {isa = PBXBuildFile; fileRef = 1582FD721C24AB6500527412 /* bootstrap.min.css */; };
		1582FD751C24AD8100527412 /* jquery.js in Resources */ = {isa = PBXBuildFile; fileRef = 1582FD741C24AD8100527412 /* jquery.js */; };
		159F4B021C21FB9800A8B3D6 /* AppDelegate.swift in Sources */ = {isa = PBXBuildFile; fileRef = 159F4B011C21FB9800A8B3D6 /* AppDelegate.swift */; };
		159F4B041C21FB9800A8B3D6 /* ViewController.swift in Sources */ = {isa = PBXBuildFile; fileRef = 159F4B031C21FB9800A8B3D6 /* ViewController.swift */; };
		159F4B061C21FB9800A8B3D6 /* Assets.xcassets in Resources */ = {isa = PBXBuildFile; fileRef = 159F4B051C21FB9800A8B3D6 /* Assets.xcassets */; };
		159F4B091C21FB9800A8B3D6 /* Main.storyboard in Resources */ = {isa = PBXBuildFile; fileRef = 159F4B071C21FB9800A8B3D6 /* Main.storyboard */; };
		159F4B141C21FB9800A8B3D6 /* p4a_smartTests.swift in Sources */ = {isa = PBXBuildFile; fileRef = 159F4B131C21FB9800A8B3D6 /* p4a_smartTests.swift */; };
		159F4B1F1C21FB9800A8B3D6 /* p4a_smartUITests.swift in Sources */ = {isa = PBXBuildFile; fileRef = 159F4B1E1C21FB9800A8B3D6 /* p4a_smartUITests.swift */; };
		15FFDF3D1C221710006866BF /* Realm.framework in Frameworks */ = {isa = PBXBuildFile; fileRef = 15FFDF3C1C221710006866BF /* Realm.framework */; };
		15FFDF3F1C221721006866BF /* RealmSwift.framework in Frameworks */ = {isa = PBXBuildFile; fileRef = 15FFDF3E1C221721006866BF /* RealmSwift.framework */; };
		15FFDF401C221727006866BF /* Realm.framework in Frameworks */ = {isa = PBXBuildFile; fileRef = 15FFDF3C1C221710006866BF /* Realm.framework */; };
		15FFDF411C221727006866BF /* Realm.framework in Embed Frameworks */ = {isa = PBXBuildFile; fileRef = 15FFDF3C1C221710006866BF /* Realm.framework */; settings = {ATTRIBUTES = (CodeSignOnCopy, RemoveHeadersOnCopy, ); }; };
		15FFDF431C22172A006866BF /* RealmSwift.framework in Frameworks */ = {isa = PBXBuildFile; fileRef = 15FFDF3E1C221721006866BF /* RealmSwift.framework */; };
		15FFDF441C22172A006866BF /* RealmSwift.framework in Embed Frameworks */ = {isa = PBXBuildFile; fileRef = 15FFDF3E1C221721006866BF /* RealmSwift.framework */; settings = {ATTRIBUTES = (CodeSignOnCopy, RemoveHeadersOnCopy, ); }; };
		15FFDF461C22179F006866BF /* TextPrinterDataModel.swift in Sources */ = {isa = PBXBuildFile; fileRef = 15FFDF451C22179F006866BF /* TextPrinterDataModel.swift */; };
		15FFDF491C221F53006866BF /* index.html in Resources */ = {isa = PBXBuildFile; fileRef = 15FFDF481C221F53006866BF /* index.html */; };
		15FFDF4B1C221F71006866BF /* main.js in Resources */ = {isa = PBXBuildFile; fileRef = 15FFDF4A1C221F71006866BF /* main.js */; };
		CE1A78A91C235EBE001FEBC1 /* style.css in Resources */ = {isa = PBXBuildFile; fileRef = CE1A78A81C235EBE001FEBC1 /* style.css */; };
		CE1A78B11C23725A001FEBC1 /* printer.html in Resources */ = {isa = PBXBuildFile; fileRef = CE1A78B01C23725A001FEBC1 /* printer.html */; };
/* End PBXBuildFile section */

/* Begin PBXContainerItemProxy section */
		159F4B101C21FB9800A8B3D6 /* PBXContainerItemProxy */ = {
			isa = PBXContainerItemProxy;
			containerPortal = 159F4AF61C21FB9700A8B3D6 /* Project object */;
			proxyType = 1;
			remoteGlobalIDString = 159F4AFD1C21FB9700A8B3D6;
			remoteInfo = "p4a-smart";
		};
		159F4B1B1C21FB9800A8B3D6 /* PBXContainerItemProxy */ = {
			isa = PBXContainerItemProxy;
			containerPortal = 159F4AF61C21FB9700A8B3D6 /* Project object */;
			proxyType = 1;
			remoteGlobalIDString = 159F4AFD1C21FB9700A8B3D6;
			remoteInfo = "p4a-smart";
		};
/* End PBXContainerItemProxy section */

/* Begin PBXCopyFilesBuildPhase section */
		15FFDF421C221727006866BF /* Embed Frameworks */ = {
			isa = PBXCopyFilesBuildPhase;
			buildActionMask = 2147483647;
			dstPath = "";
			dstSubfolderSpec = 10;
			files = (
				15FFDF441C22172A006866BF /* RealmSwift.framework in Embed Frameworks */,
				15FFDF411C221727006866BF /* Realm.framework in Embed Frameworks */,
			);
			name = "Embed Frameworks";
			runOnlyForDeploymentPostprocessing = 0;
		};
/* End PBXCopyFilesBuildPhase section */

/* Begin PBXFileReference section */
		1582FD6E1C2498C400527412 /* PageUpdateNumber.swift */ = {isa = PBXFileReference; fileEncoding = 4; lastKnownFileType = sourcecode.swift; path = PageUpdateNumber.swift; sourceTree = "<group>"; };
		1582FD721C24AB6500527412 /* bootstrap.min.css */ = {isa = PBXFileReference; fileEncoding = 4; lastKnownFileType = text.css; path = bootstrap.min.css; sourceTree = "<group>"; };
		1582FD741C24AD8100527412 /* jquery.js */ = {isa = PBXFileReference; fileEncoding = 4; lastKnownFileType = sourcecode.javascript; path = jquery.js; sourceTree = "<group>"; };
		159F4AFE1C21FB9800A8B3D6 /* p4a-smart.app */ = {isa = PBXFileReference; explicitFileType = wrapper.application; includeInIndex = 0; path = "p4a-smart.app"; sourceTree = BUILT_PRODUCTS_DIR; };
		159F4B011C21FB9800A8B3D6 /* AppDelegate.swift */ = {isa = PBXFileReference; lastKnownFileType = sourcecode.swift; path = AppDelegate.swift; sourceTree = "<group>"; };
		159F4B031C21FB9800A8B3D6 /* ViewController.swift */ = {isa = PBXFileReference; lastKnownFileType = sourcecode.swift; path = ViewController.swift; sourceTree = "<group>"; };
		159F4B051C21FB9800A8B3D6 /* Assets.xcassets */ = {isa = PBXFileReference; lastKnownFileType = folder.assetcatalog; path = Assets.xcassets; sourceTree = "<group>"; };
		159F4B081C21FB9800A8B3D6 /* Base */ = {isa = PBXFileReference; lastKnownFileType = file.storyboard; name = Base; path = Base.lproj/Main.storyboard; sourceTree = "<group>"; };
		159F4B0A1C21FB9800A8B3D6 /* Info.plist */ = {isa = PBXFileReference; lastKnownFileType = text.plist.xml; path = Info.plist; sourceTree = "<group>"; };
		159F4B0F1C21FB9800A8B3D6 /* p4a-smartTests.xctest */ = {isa = PBXFileReference; explicitFileType = wrapper.cfbundle; includeInIndex = 0; path = "p4a-smartTests.xctest"; sourceTree = BUILT_PRODUCTS_DIR; };
		159F4B131C21FB9800A8B3D6 /* p4a_smartTests.swift */ = {isa = PBXFileReference; lastKnownFileType = sourcecode.swift; path = p4a_smartTests.swift; sourceTree = "<group>"; };
		159F4B151C21FB9800A8B3D6 /* Info.plist */ = {isa = PBXFileReference; lastKnownFileType = text.plist.xml; path = Info.plist; sourceTree = "<group>"; };
		159F4B1A1C21FB9800A8B3D6 /* p4a-smartUITests.xctest */ = {isa = PBXFileReference; explicitFileType = wrapper.cfbundle; includeInIndex = 0; path = "p4a-smartUITests.xctest"; sourceTree = BUILT_PRODUCTS_DIR; };
		159F4B1E1C21FB9800A8B3D6 /* p4a_smartUITests.swift */ = {isa = PBXFileReference; lastKnownFileType = sourcecode.swift; path = p4a_smartUITests.swift; sourceTree = "<group>"; };
		159F4B201C21FB9800A8B3D6 /* Info.plist */ = {isa = PBXFileReference; lastKnownFileType = text.plist.xml; path = Info.plist; sourceTree = "<group>"; };
		15FFDF3C1C221710006866BF /* Realm.framework */ = {isa = PBXFileReference; lastKnownFileType = wrapper.framework; path = Realm.framework; sourceTree = "<group>"; };
		15FFDF3E1C221721006866BF /* RealmSwift.framework */ = {isa = PBXFileReference; lastKnownFileType = wrapper.framework; path = RealmSwift.framework; sourceTree = "<group>"; };
		15FFDF451C22179F006866BF /* TextPrinterDataModel.swift */ = {isa = PBXFileReference; fileEncoding = 4; lastKnownFileType = sourcecode.swift; path = TextPrinterDataModel.swift; sourceTree = "<group>"; };
		15FFDF481C221F53006866BF /* index.html */ = {isa = PBXFileReference; fileEncoding = 4; lastKnownFileType = text.html; path = index.html; sourceTree = "<group>"; };
		15FFDF4A1C221F71006866BF /* main.js */ = {isa = PBXFileReference; fileEncoding = 4; lastKnownFileType = sourcecode.javascript; path = main.js; sourceTree = "<group>"; };
		CE1A78A81C235EBE001FEBC1 /* style.css */ = {isa = PBXFileReference; fileEncoding = 4; lastKnownFileType = text.css; path = style.css; sourceTree = "<group>"; };
		CE1A78B01C23725A001FEBC1 /* printer.html */ = {isa = PBXFileReference; fileEncoding = 4; lastKnownFileType = text.html; path = printer.html; sourceTree = "<group>"; };
/* End PBXFileReference section */

/* Begin PBXFrameworksBuildPhase section */
		159F4AFB1C21FB9700A8B3D6 /* Frameworks */ = {
			isa = PBXFrameworksBuildPhase;
			buildActionMask = 2147483647;
			files = (
				15FFDF401C221727006866BF /* Realm.framework in Frameworks */,
				15FFDF3F1C221721006866BF /* RealmSwift.framework in Frameworks */,
				15FFDF431C22172A006866BF /* RealmSwift.framework in Frameworks */,
				15FFDF3D1C221710006866BF /* Realm.framework in Frameworks */,
			);
			runOnlyForDeploymentPostprocessing = 0;
		};
		159F4B0C1C21FB9800A8B3D6 /* Frameworks */ = {
			isa = PBXFrameworksBuildPhase;
			buildActionMask = 2147483647;
			files = (
			);
			runOnlyForDeploymentPostprocessing = 0;
		};
		159F4B171C21FB9800A8B3D6 /* Frameworks */ = {
			isa = PBXFrameworksBuildPhase;
			buildActionMask = 2147483647;
			files = (
			);
			runOnlyForDeploymentPostprocessing = 0;
		};
/* End PBXFrameworksBuildPhase section */

/* Begin PBXGroup section */
		159F4AF51C21FB9700A8B3D6 = {
			isa = PBXGroup;
			children = (
				15FFDF471C221F48006866BF /* web */,
				159F4B001C21FB9800A8B3D6 /* p4a-smart */,
				159F4B121C21FB9800A8B3D6 /* p4a-smartTests */,
				159F4B1D1C21FB9800A8B3D6 /* p4a-smartUITests */,
				159F4AFF1C21FB9800A8B3D6 /* Products */,
				15FFDF3E1C221721006866BF /* RealmSwift.framework */,
				15FFDF3C1C221710006866BF /* Realm.framework */,
			);
			sourceTree = "<group>";
		};
		159F4AFF1C21FB9800A8B3D6 /* Products */ = {
			isa = PBXGroup;
			children = (
				159F4AFE1C21FB9800A8B3D6 /* p4a-smart.app */,
				159F4B0F1C21FB9800A8B3D6 /* p4a-smartTests.xctest */,
				159F4B1A1C21FB9800A8B3D6 /* p4a-smartUITests.xctest */,
			);
			name = Products;
			sourceTree = "<group>";
		};
		159F4B001C21FB9800A8B3D6 /* p4a-smart */ = {
			isa = PBXGroup;
			children = (
				159F4B011C21FB9800A8B3D6 /* AppDelegate.swift */,
				159F4B031C21FB9800A8B3D6 /* ViewController.swift */,
				15FFDF451C22179F006866BF /* TextPrinterDataModel.swift */,
				1582FD6E1C2498C400527412 /* PageUpdateNumber.swift */,
				159F4B051C21FB9800A8B3D6 /* Assets.xcassets */,
				159F4B071C21FB9800A8B3D6 /* Main.storyboard */,
				159F4B0A1C21FB9800A8B3D6 /* Info.plist */,
			);
			path = "p4a-smart";
			sourceTree = "<group>";
		};
		159F4B121C21FB9800A8B3D6 /* p4a-smartTests */ = {
			isa = PBXGroup;
			children = (
				159F4B131C21FB9800A8B3D6 /* p4a_smartTests.swift */,
				159F4B151C21FB9800A8B3D6 /* Info.plist */,
			);
			path = "p4a-smartTests";
			sourceTree = "<group>";
		};
		159F4B1D1C21FB9800A8B3D6 /* p4a-smartUITests */ = {
			isa = PBXGroup;
			children = (
				159F4B1E1C21FB9800A8B3D6 /* p4a_smartUITests.swift */,
				159F4B201C21FB9800A8B3D6 /* Info.plist */,
			);
			path = "p4a-smartUITests";
			sourceTree = "<group>";
		};
		15FFDF471C221F48006866BF /* web */ = {
			isa = PBXGroup;
			children = (
				15FFDF481C221F53006866BF /* index.html */,
				CE1A78B01C23725A001FEBC1 /* printer.html */,
				1582FD721C24AB6500527412 /* bootstrap.min.css */,
				CE1A78A81C235EBE001FEBC1 /* style.css */,
				15FFDF4A1C221F71006866BF /* main.js */,
				1582FD741C24AD8100527412 /* jquery.js */,
			);
			path = web;
			sourceTree = "<group>";
		};
/* End PBXGroup section */

/* Begin PBXNativeTarget section */
		159F4AFD1C21FB9700A8B3D6 /* p4a-smart */ = {
			isa = PBXNativeTarget;
			buildConfigurationList = 159F4B231C21FB9800A8B3D6 /* Build configuration list for PBXNativeTarget "p4a-smart" */;
			buildPhases = (
				159F4AFA1C21FB9700A8B3D6 /* Sources */,
				159F4AFB1C21FB9700A8B3D6 /* Frameworks */,
				159F4AFC1C21FB9700A8B3D6 /* Resources */,
				15FFDF421C221727006866BF /* Embed Frameworks */,
			);
			buildRules = (
			);
			dependencies = (
			);
			name = "p4a-smart";
			productName = "p4a-smart";
			productReference = 159F4AFE1C21FB9800A8B3D6 /* p4a-smart.app */;
			productType = "com.apple.product-type.application";
		};
		159F4B0E1C21FB9800A8B3D6 /* p4a-smartTests */ = {
			isa = PBXNativeTarget;
			buildConfigurationList = 159F4B261C21FB9800A8B3D6 /* Build configuration list for PBXNativeTarget "p4a-smartTests" */;
			buildPhases = (
				159F4B0B1C21FB9800A8B3D6 /* Sources */,
				159F4B0C1C21FB9800A8B3D6 /* Frameworks */,
				159F4B0D1C21FB9800A8B3D6 /* Resources */,
			);
			buildRules = (
			);
			dependencies = (
				159F4B111C21FB9800A8B3D6 /* PBXTargetDependency */,
			);
			name = "p4a-smartTests";
			productName = "p4a-smartTests";
			productReference = 159F4B0F1C21FB9800A8B3D6 /* p4a-smartTests.xctest */;
			productType = "com.apple.product-type.bundle.unit-test";
		};
		159F4B191C21FB9800A8B3D6 /* p4a-smartUITests */ = {
			isa = PBXNativeTarget;
			buildConfigurationList = 159F4B291C21FB9800A8B3D6 /* Build configuration list for PBXNativeTarget "p4a-smartUITests" */;
			buildPhases = (
				159F4B161C21FB9800A8B3D6 /* Sources */,
				159F4B171C21FB9800A8B3D6 /* Frameworks */,
				159F4B181C21FB9800A8B3D6 /* Resources */,
			);
			buildRules = (
			);
			dependencies = (
				159F4B1C1C21FB9800A8B3D6 /* PBXTargetDependency */,
			);
			name = "p4a-smartUITests";
			productName = "p4a-smartUITests";
			productReference = 159F4B1A1C21FB9800A8B3D6 /* p4a-smartUITests.xctest */;
			productType = "com.apple.product-type.bundle.ui-testing";
		};
/* End PBXNativeTarget section */

/* Begin PBXProject section */
		159F4AF61C21FB9700A8B3D6 /* Project object */ = {
			isa = PBXProject;
			attributes = {
				LastSwiftUpdateCheck = 0720;
				LastUpgradeCheck = 0720;
				ORGANIZATIONNAME = "Weicheng Zhu";
				TargetAttributes = {
					159F4AFD1C21FB9700A8B3D6 = {
						CreatedOnToolsVersion = 7.2;
					};
					159F4B0E1C21FB9800A8B3D6 = {
						CreatedOnToolsVersion = 7.2;
						TestTargetID = 159F4AFD1C21FB9700A8B3D6;
					};
					159F4B191C21FB9800A8B3D6 = {
						CreatedOnToolsVersion = 7.2;
						TestTargetID = 159F4AFD1C21FB9700A8B3D6;
					};
				};
			};
			buildConfigurationList = 159F4AF91C21FB9700A8B3D6 /* Build configuration list for PBXProject "p4a-smart" */;
			compatibilityVersion = "Xcode 3.2";
			developmentRegion = English;
			hasScannedForEncodings = 0;
			knownRegions = (
				en,
				Base,
			);
			mainGroup = 159F4AF51C21FB9700A8B3D6;
			productRefGroup = 159F4AFF1C21FB9800A8B3D6 /* Products */;
			projectDirPath = "";
			projectRoot = "";
			targets = (
				159F4AFD1C21FB9700A8B3D6 /* p4a-smart */,
				159F4B0E1C21FB9800A8B3D6 /* p4a-smartTests */,
				159F4B191C21FB9800A8B3D6 /* p4a-smartUITests */,
			);
		};
/* End PBXProject section */

/* Begin PBXResourcesBuildPhase section */
		159F4AFC1C21FB9700A8B3D6 /* Resources */ = {
			isa = PBXResourcesBuildPhase;
			buildActionMask = 2147483647;
			files = (
				1582FD731C24AB6500527412 /* bootstrap.min.css in Resources */,
				15FFDF491C221F53006866BF /* index.html in Resources */,
				CE1A78B11C23725A001FEBC1 /* printer.html in Resources */,
				159F4B061C21FB9800A8B3D6 /* Assets.xcassets in Resources */,
				1582FD751C24AD8100527412 /* jquery.js in Resources */,
				CE1A78A91C235EBE001FEBC1 /* style.css in Resources */,
				159F4B091C21FB9800A8B3D6 /* Main.storyboard in Resources */,
				15FFDF4B1C221F71006866BF /* main.js in Resources */,
			);
			runOnlyForDeploymentPostprocessing = 0;
		};
		159F4B0D1C21FB9800A8B3D6 /* Resources */ = {
			isa = PBXResourcesBuildPhase;
			buildActionMask = 2147483647;
			files = (
			);
			runOnlyForDeploymentPostprocessing = 0;
		};
		159F4B181C21FB9800A8B3D6 /* Resources */ = {
			isa = PBXResourcesBuildPhase;
			buildActionMask = 2147483647;
			files = (
			);
			runOnlyForDeploymentPostprocessing = 0;
		};
/* End PBXResourcesBuildPhase section */

/* Begin PBXSourcesBuildPhase section */
		159F4AFA1C21FB9700A8B3D6 /* Sources */ = {
			isa = PBXSourcesBuildPhase;
			buildActionMask = 2147483647;
			files = (
				159F4B041C21FB9800A8B3D6 /* ViewController.swift in Sources */,
				159F4B021C21FB9800A8B3D6 /* AppDelegate.swift in Sources */,
				1582FD6F1C2498C400527412 /* PageUpdateNumber.swift in Sources */,
				15FFDF461C22179F006866BF /* TextPrinterDataModel.swift in Sources */,
			);
			runOnlyForDeploymentPostprocessing = 0;
		};
		159F4B0B1C21FB9800A8B3D6 /* Sources */ = {
			isa = PBXSourcesBuildPhase;
			buildActionMask = 2147483647;
			files = (
				159F4B141C21FB9800A8B3D6 /* p4a_smartTests.swift in Sources */,
			);
			runOnlyForDeploymentPostprocessing = 0;
		};
		159F4B161C21FB9800A8B3D6 /* Sources */ = {
			isa = PBXSourcesBuildPhase;
			buildActionMask = 2147483647;
			files = (
				159F4B1F1C21FB9800A8B3D6 /* p4a_smartUITests.swift in Sources */,
			);
			runOnlyForDeploymentPostprocessing = 0;
		};
/* End PBXSourcesBuildPhase section */

/* Begin PBXTargetDependency section */
		159F4B111C21FB9800A8B3D6 /* PBXTargetDependency */ = {
			isa = PBXTargetDependency;
			target = 159F4AFD1C21FB9700A8B3D6 /* p4a-smart */;
			targetProxy = 159F4B101C21FB9800A8B3D6 /* PBXContainerItemProxy */;
		};
		159F4B1C1C21FB9800A8B3D6 /* PBXTargetDependency */ = {
			isa = PBXTargetDependency;
			target = 159F4AFD1C21FB9700A8B3D6 /* p4a-smart */;
			targetProxy = 159F4B1B1C21FB9800A8B3D6 /* PBXContainerItemProxy */;
		};
/* End PBXTargetDependency section */

/* Begin PBXVariantGroup section */
		159F4B071C21FB9800A8B3D6 /* Main.storyboard */ = {
			isa = PBXVariantGroup;
			children = (
				159F4B081C21FB9800A8B3D6 /* Base */,
			);
			name = Main.storyboard;
			sourceTree = "<group>";
		};
/* End PBXVariantGroup section */

/* Begin XCBuildConfiguration section */
		159F4B211C21FB9800A8B3D6 /* Debug */ = {
			isa = XCBuildConfiguration;
			buildSettings = {
				ALWAYS_SEARCH_USER_PATHS = NO;
				CLANG_CXX_LANGUAGE_STANDARD = "gnu++0x";
				CLANG_CXX_LIBRARY = "libc++";
				CLANG_ENABLE_MODULES = YES;
				CLANG_ENABLE_OBJC_ARC = YES;
				CLANG_WARN_BOOL_CONVERSION = YES;
				CLANG_WARN_CONSTANT_CONVERSION = YES;
				CLANG_WARN_DIRECT_OBJC_ISA_USAGE = YES_ERROR;
				CLANG_WARN_EMPTY_BODY = YES;
				CLANG_WARN_ENUM_CONVERSION = YES;
				CLANG_WARN_INT_CONVERSION = YES;
				CLANG_WARN_OBJC_ROOT_CLASS = YES_ERROR;
				CLANG_WARN_UNREACHABLE_CODE = YES;
				CLANG_WARN__DUPLICATE_METHOD_MATCH = YES;
				CODE_SIGN_IDENTITY = "-";
				COPY_PHASE_STRIP = NO;
				DEBUG_INFORMATION_FORMAT = dwarf;
				ENABLE_STRICT_OBJC_MSGSEND = YES;
				ENABLE_TESTABILITY = YES;
				GCC_C_LANGUAGE_STANDARD = gnu99;
				GCC_DYNAMIC_NO_PIC = NO;
				GCC_NO_COMMON_BLOCKS = YES;
				GCC_OPTIMIZATION_LEVEL = 0;
				GCC_PREPROCESSOR_DEFINITIONS = (
					"DEBUG=1",
					"$(inherited)",
				);
				GCC_WARN_64_TO_32_BIT_CONVERSION = YES;
				GCC_WARN_ABOUT_RETURN_TYPE = YES_ERROR;
				GCC_WARN_UNDECLARED_SELECTOR = YES;
				GCC_WARN_UNINITIALIZED_AUTOS = YES_AGGRESSIVE;
				GCC_WARN_UNUSED_FUNCTION = YES;
				GCC_WARN_UNUSED_VARIABLE = YES;
				MACOSX_DEPLOYMENT_TARGET = 10.11;
				MTL_ENABLE_DEBUG_INFO = YES;
				ONLY_ACTIVE_ARCH = YES;
				SDKROOT = macosx;
				SWIFT_OPTIMIZATION_LEVEL = "-Onone";
			};
			name = Debug;
		};
		159F4B221C21FB9800A8B3D6 /* Release */ = {
			isa = XCBuildConfiguration;
			buildSettings = {
				ALWAYS_SEARCH_USER_PATHS = NO;
				CLANG_CXX_LANGUAGE_STANDARD = "gnu++0x";
				CLANG_CXX_LIBRARY = "libc++";
				CLANG_ENABLE_MODULES = YES;
				CLANG_ENABLE_OBJC_ARC = YES;
				CLANG_WARN_BOOL_CONVERSION = YES;
				CLANG_WARN_CONSTANT_CONVERSION = YES;
				CLANG_WARN_DIRECT_OBJC_ISA_USAGE = YES_ERROR;
				CLANG_WARN_EMPTY_BODY = YES;
				CLANG_WARN_ENUM_CONVERSION = YES;
				CLANG_WARN_INT_CONVERSION = YES;
				CLANG_WARN_OBJC_ROOT_CLASS = YES_ERROR;
				CLANG_WARN_UNREACHABLE_CODE = YES;
				CLANG_WARN__DUPLICATE_METHOD_MATCH = YES;
				CODE_SIGN_IDENTITY = "-";
				COPY_PHASE_STRIP = NO;
				DEBUG_INFORMATION_FORMAT = "dwarf-with-dsym";
				ENABLE_NS_ASSERTIONS = NO;
				ENABLE_STRICT_OBJC_MSGSEND = YES;
				GCC_C_LANGUAGE_STANDARD = gnu99;
				GCC_NO_COMMON_BLOCKS = YES;
				GCC_WARN_64_TO_32_BIT_CONVERSION = YES;
				GCC_WARN_ABOUT_RETURN_TYPE = YES_ERROR;
				GCC_WARN_UNDECLARED_SELECTOR = YES;
				GCC_WARN_UNINITIALIZED_AUTOS = YES_AGGRESSIVE;
				GCC_WARN_UNUSED_FUNCTION = YES;
				GCC_WARN_UNUSED_VARIABLE = YES;
				MACOSX_DEPLOYMENT_TARGET = 10.11;
				MTL_ENABLE_DEBUG_INFO = NO;
				SDKROOT = macosx;
			};
			name = Release;
		};
		159F4B241C21FB9800A8B3D6 /* Debug */ = {
			isa = XCBuildConfiguration;
			buildSettings = {
				ASSETCATALOG_COMPILER_APPICON_NAME = AppIcon;
				COMBINE_HIDPI_IMAGES = YES;
				FRAMEWORK_SEARCH_PATHS = (
					"$(inherited)",
					"$(PROJECT_DIR)",
				);
				INFOPLIST_FILE = "p4a-smart/Info.plist";
				LD_RUNPATH_SEARCH_PATHS = "$(inherited) @executable_path/../Frameworks";
				PRODUCT_BUNDLE_IDENTIFIER = "wzhu.org.p4a-smart";
				PRODUCT_NAME = "$(TARGET_NAME)";
			};
			name = Debug;
		};
		159F4B251C21FB9800A8B3D6 /* Release */ = {
			isa = XCBuildConfiguration;
			buildSettings = {
				ASSETCATALOG_COMPILER_APPICON_NAME = AppIcon;
				COMBINE_HIDPI_IMAGES = YES;
				FRAMEWORK_SEARCH_PATHS = (
					"$(inherited)",
					"$(PROJECT_DIR)",
				);
				INFOPLIST_FILE = "p4a-smart/Info.plist";
				LD_RUNPATH_SEARCH_PATHS = "$(inherited) @executable_path/../Frameworks";
				PRODUCT_BUNDLE_IDENTIFIER = "wzhu.org.p4a-smart";
				PRODUCT_NAME = "$(TARGET_NAME)";
			};
			name = Release;
		};
		159F4B271C21FB9800A8B3D6 /* Debug */ = {
			isa = XCBuildConfiguration;
			buildSettings = {
				BUNDLE_LOADER = "$(TEST_HOST)";
				COMBINE_HIDPI_IMAGES = YES;
				INFOPLIST_FILE = "p4a-smartTests/Info.plist";
				LD_RUNPATH_SEARCH_PATHS = "$(inherited) @executable_path/../Frameworks @loader_path/../Frameworks";
				PRODUCT_BUNDLE_IDENTIFIER = "wzhu.org.p4a-smartTests";
				PRODUCT_NAME = "$(TARGET_NAME)";
				TEST_HOST = "$(BUILT_PRODUCTS_DIR)/p4a-smart.app/Contents/MacOS/p4a-smart";
			};
			name = Debug;
		};
		159F4B281C21FB9800A8B3D6 /* Release */ = {
			isa = XCBuildConfiguration;
			buildSettings = {
				BUNDLE_LOADER = "$(TEST_HOST)";
				COMBINE_HIDPI_IMAGES = YES;
				INFOPLIST_FILE = "p4a-smartTests/Info.plist";
				LD_RUNPATH_SEARCH_PATHS = "$(inherited) @executable_path/../Frameworks @loader_path/../Frameworks";
				PRODUCT_BUNDLE_IDENTIFIER = "wzhu.org.p4a-smartTests";
				PRODUCT_NAME = "$(TARGET_NAME)";
				TEST_HOST = "$(BUILT_PRODUCTS_DIR)/p4a-smart.app/Contents/MacOS/p4a-smart";
			};
			name = Release;
		};
		159F4B2A1C21FB9800A8B3D6 /* Debug */ = {
			isa = XCBuildConfiguration;
			buildSettings = {
				COMBINE_HIDPI_IMAGES = YES;
				INFOPLIST_FILE = "p4a-smartUITests/Info.plist";
				LD_RUNPATH_SEARCH_PATHS = "$(inherited) @executable_path/../Frameworks @loader_path/../Frameworks";
				PRODUCT_BUNDLE_IDENTIFIER = "wzhu.org.p4a-smartUITests";
				PRODUCT_NAME = "$(TARGET_NAME)";
				TEST_TARGET_NAME = "p4a-smart";
				USES_XCTRUNNER = YES;
			};
			name = Debug;
		};
		159F4B2B1C21FB9800A8B3D6 /* Release */ = {
			isa = XCBuildConfiguration;
			buildSettings = {
				COMBINE_HIDPI_IMAGES = YES;
				INFOPLIST_FILE = "p4a-smartUITests/Info.plist";
				LD_RUNPATH_SEARCH_PATHS = "$(inherited) @executable_path/../Frameworks @loader_path/../Frameworks";
				PRODUCT_BUNDLE_IDENTIFIER = "wzhu.org.p4a-smartUITests";
				PRODUCT_NAME = "$(TARGET_NAME)";
				TEST_TARGET_NAME = "p4a-smart";
				USES_XCTRUNNER = YES;
			};
			name = Release;
		};
/* End XCBuildConfiguration section */

/* Begin XCConfigurationList section */
		159F4AF91C21FB9700A8B3D6 /* Build configuration list for PBXProject "p4a-smart" */ = {
			isa = XCConfigurationList;
			buildConfigurations = (
				159F4B211C21FB9800A8B3D6 /* Debug */,
				159F4B221C21FB9800A8B3D6 /* Release */,
			);
			defaultConfigurationIsVisible = 0;
			defaultConfigurationName = Release;
		};
		159F4B231C21FB9800A8B3D6 /* Build configuration list for PBXNativeTarget "p4a-smart" */ = {
			isa = XCConfigurationList;
			buildConfigurations = (
				159F4B241C21FB9800A8B3D6 /* Debug */,
				159F4B251C21FB9800A8B3D6 /* Release */,
			);
			defaultConfigurationIsVisible = 0;
			defaultConfigurationName = Release;
		};
		159F4B261C21FB9800A8B3D6 /* Build configuration list for PBXNativeTarget "p4a-smartTests" */ = {
			isa = XCConfigurationList;
			buildConfigurations = (
				159F4B271C21FB9800A8B3D6 /* Debug */,
				159F4B281C21FB9800A8B3D6 /* Release */,
			);
			defaultConfigurationIsVisible = 0;
			defaultConfigurationName = Release;
		};
		159F4B291C21FB9800A8B3D6 /* Build configuration list for PBXNativeTarget "p4a-smartUITests" */ = {
			isa = XCConfigurationList;
			buildConfigurations = (
				159F4B2A1C21FB9800A8B3D6 /* Debug */,
				159F4B2B1C21FB9800A8B3D6 /* Release */,
			);
			defaultConfigurationIsVisible = 0;
			defaultConfigurationName = Release;
		};
/* End XCConfigurationList section */
	};
	rootObject = 159F4AF61C21FB9700A8B3D6 /* Project object */;
}
